// !$*UTF8*$!
{
	archiveVersion = 1;
	classes = {
	};
	objectVersion = 50;
	objects = {

/* Begin PBXBuildFile section */
		1F12212E26ADCE140078572F /* LandmarksApp.swift in Sources */ = {isa = PBXBuildFile; fileRef = 1F12212D26ADCE140078572F /* LandmarksApp.swift */; };
		1F12213026ADCE140078572F /* ContentView.swift in Sources */ = {isa = PBXBuildFile; fileRef = 1F12212F26ADCE140078572F /* ContentView.swift */; };
		1F12213226ADCE150078572F /* Assets.xcassets in Resources */ = {isa = PBXBuildFile; fileRef = 1F12213126ADCE150078572F /* Assets.xcassets */; };
		1F12213526ADCE150078572F /* Preview Assets.xcassets in Resources */ = {isa = PBXBuildFile; fileRef = 1F12213426ADCE150078572F /* Preview Assets.xcassets */; };
		1F12213D26ADD35A0078572F /* CircleImage.swift in Sources */ = {isa = PBXBuildFile; fileRef = 1F12213C26ADD35A0078572F /* CircleImage.swift */; };
		1F12213F26ADD4E10078572F /* MapView.swift in Sources */ = {isa = PBXBuildFile; fileRef = 1F12213E26ADD4E10078572F /* MapView.swift */; };
		1F12214126ADDD330078572F /* landmarkData.json in Resources */ = {isa = PBXBuildFile; fileRef = 1F12214026ADDD330078572F /* landmarkData.json */; };
		1F12214326ADDD760078572F /* Landmark.swift in Sources */ = {isa = PBXBuildFile; fileRef = 1F12214226ADDD760078572F /* Landmark.swift */; };
		1F12214526ADE28B0078572F /* ModelData.swift in Sources */ = {isa = PBXBuildFile; fileRef = 1F12214426ADE28B0078572F /* ModelData.swift */; };
		1F12214926ADE3F60078572F /* LandmarkRow.swift in Sources */ = {isa = PBXBuildFile; fileRef = 1F12214826ADE3F60078572F /* LandmarkRow.swift */; };
		1F12214B26ADE5CB0078572F /* LandmarkList.swift in Sources */ = {isa = PBXBuildFile; fileRef = 1F12214A26ADE5CB0078572F /* LandmarkList.swift */; };
		1F12214D26ADE77A0078572F /* LandmarkDetail.swift in Sources */ = {isa = PBXBuildFile; fileRef = 1F12214C26ADE77A0078572F /* LandmarkDetail.swift */; };
		1F5248BD271A0E6A00C7D762 /* HexagonParameters.swift in Sources */ = {isa = PBXBuildFile; fileRef = 1F5248BC271A0E6A00C7D762 /* HexagonParameters.swift */; };
		1F5248BF271A0FD300C7D762 /* BadgeBackground.swift in Sources */ = {isa = PBXBuildFile; fileRef = 1F5248BE271A0FD300C7D762 /* BadgeBackground.swift */; };
		1F5248C1271A18D000C7D762 /* BadgeSymbol.swift in Sources */ = {isa = PBXBuildFile; fileRef = 1F5248C0271A18D000C7D762 /* BadgeSymbol.swift */; };
		1F5248C3271A1B3100C7D762 /* RotatedBadgeSymbol.swift in Sources */ = {isa = PBXBuildFile; fileRef = 1F5248C2271A1B3100C7D762 /* RotatedBadgeSymbol.swift */; };
		1F5248C6271A1BB500C7D762 /* Badge.swift in Sources */ = {isa = PBXBuildFile; fileRef = 1F5248C5271A1BB500C7D762 /* Badge.swift */; };
		1F5248C8271A990200C7D762 /* hikeData.json in Resources */ = {isa = PBXBuildFile; fileRef = 1F5248C7271A990200C7D762 /* hikeData.json */; };
		1F5248CA271A996300C7D762 /* Hike.swift in Sources */ = {isa = PBXBuildFile; fileRef = 1F5248C9271A996300C7D762 /* Hike.swift */; };
		1F5248D0271A9BDE00C7D762 /* GraphCapsule.swift in Sources */ = {isa = PBXBuildFile; fileRef = 1F5248CC271A9BDE00C7D762 /* GraphCapsule.swift */; };
		1F5248D1271A9BDE00C7D762 /* HikeGraph.swift in Sources */ = {isa = PBXBuildFile; fileRef = 1F5248CD271A9BDE00C7D762 /* HikeGraph.swift */; };
		1F5248D2271A9BDE00C7D762 /* HikeDetail.swift in Sources */ = {isa = PBXBuildFile; fileRef = 1F5248CE271A9BDE00C7D762 /* HikeDetail.swift */; };
		1F5248D3271A9BDE00C7D762 /* HikeView.swift in Sources */ = {isa = PBXBuildFile; fileRef = 1F5248CF271A9BDE00C7D762 /* HikeView.swift */; };
		1F73E759271C06CB00E404A0 /* CategoryHome.swift in Sources */ = {isa = PBXBuildFile; fileRef = 1F73E758271C06CB00E404A0 /* CategoryHome.swift */; };
		1F92E02B271C7CE1009D2A9C /* ProfileEditor.swift in Sources */ = {isa = PBXBuildFile; fileRef = 1F92E02A271C7CE1009D2A9C /* ProfileEditor.swift */; };
		1FA5FD232719703A0036F31D /* FavoriteButton.swift in Sources */ = {isa = PBXBuildFile; fileRef = 1FA5FD222719703A0036F31D /* FavoriteButton.swift */; };
		1FF1AF64271C0A8600C45F6C /* CategoryRow.swift in Sources */ = {isa = PBXBuildFile; fileRef = 1FF1AF63271C0A8600C45F6C /* CategoryRow.swift */; };
		1FF1AF66271C0BDC00C45F6C /* CategoryItem.swift in Sources */ = {isa = PBXBuildFile; fileRef = 1FF1AF65271C0BDC00C45F6C /* CategoryItem.swift */; };
		1FF1AF68271C73E100C45F6C /* Profile.swift in Sources */ = {isa = PBXBuildFile; fileRef = 1FF1AF67271C73E100C45F6C /* Profile.swift */; };
		1FF1AF6B271C745600C45F6C /* ProfileHost.swift in Sources */ = {isa = PBXBuildFile; fileRef = 1FF1AF6A271C745600C45F6C /* ProfileHost.swift */; };
		1FF1AF6D271C74B900C45F6C /* ProfileSummary.swift in Sources */ = {isa = PBXBuildFile; fileRef = 1FF1AF6C271C74B900C45F6C /* ProfileSummary.swift */; };
		1FF1AF6F271C757900C45F6C /* HikeBadge.swift in Sources */ = {isa = PBXBuildFile; fileRef = 1FF1AF6E271C757900C45F6C /* HikeBadge.swift */; };
		1FF9EAE8271F4E9500DF8B72 /* PageViewController.swift in Sources */ = {isa = PBXBuildFile; fileRef = 1FF9EAE7271F4E9500DF8B72 /* PageViewController.swift */; };
		1FF9EAEA271F500600DF8B72 /* FeatureCard.swift in Sources */ = {isa = PBXBuildFile; fileRef = 1FF9EAE9271F500600DF8B72 /* FeatureCard.swift */; };
		1FF9EAEC271F506100DF8B72 /* PageView.swift in Sources */ = {isa = PBXBuildFile; fileRef = 1FF9EAEB271F506100DF8B72 /* PageView.swift */; };
		1FF9EAEE271F5B7100DF8B72 /* PageControl.swift in Sources */ = {isa = PBXBuildFile; fileRef = 1FF9EAED271F5B7100DF8B72 /* PageControl.swift */; };
/* End PBXBuildFile section */

/* Begin PBXFileReference section */
		1F12212A26ADCE140078572F /* Landmarks.app */ = {isa = PBXFileReference; explicitFileType = wrapper.application; includeInIndex = 0; path = Landmarks.app; sourceTree = BUILT_PRODUCTS_DIR; };
		1F12212D26ADCE140078572F /* LandmarksApp.swift */ = {isa = PBXFileReference; lastKnownFileType = sourcecode.swift; path = LandmarksApp.swift; sourceTree = "<group>"; };
		1F12212F26ADCE140078572F /* ContentView.swift */ = {isa = PBXFileReference; lastKnownFileType = sourcecode.swift; path = ContentView.swift; sourceTree = "<group>"; };
		1F12213126ADCE150078572F /* Assets.xcassets */ = {isa = PBXFileReference; lastKnownFileType = folder.assetcatalog; path = Assets.xcassets; sourceTree = "<group>"; };
		1F12213426ADCE150078572F /* Preview Assets.xcassets */ = {isa = PBXFileReference; lastKnownFileType = folder.assetcatalog; path = "Preview Assets.xcassets"; sourceTree = "<group>"; };
		1F12213626ADCE150078572F /* Info.plist */ = {isa = PBXFileReference; lastKnownFileType = text.plist.xml; path = Info.plist; sourceTree = "<group>"; };
		1F12213C26ADD35A0078572F /* CircleImage.swift */ = {isa = PBXFileReference; lastKnownFileType = sourcecode.swift; path = CircleImage.swift; sourceTree = "<group>"; };
		1F12213E26ADD4E10078572F /* MapView.swift */ = {isa = PBXFileReference; lastKnownFileType = sourcecode.swift; path = MapView.swift; sourceTree = "<group>"; };
		1F12214026ADDD330078572F /* landmarkData.json */ = {isa = PBXFileReference; fileEncoding = 4; lastKnownFileType = text.json; path = landmarkData.json; sourceTree = "<group>"; };
		1F12214226ADDD760078572F /* Landmark.swift */ = {isa = PBXFileReference; lastKnownFileType = sourcecode.swift; path = Landmark.swift; sourceTree = "<group>"; };
		1F12214426ADE28B0078572F /* ModelData.swift */ = {isa = PBXFileReference; lastKnownFileType = sourcecode.swift; path = ModelData.swift; sourceTree = "<group>"; };
		1F12214826ADE3F60078572F /* LandmarkRow.swift */ = {isa = PBXFileReference; lastKnownFileType = sourcecode.swift; path = LandmarkRow.swift; sourceTree = "<group>"; };
		1F12214A26ADE5CB0078572F /* LandmarkList.swift */ = {isa = PBXFileReference; lastKnownFileType = sourcecode.swift; path = LandmarkList.swift; sourceTree = "<group>"; };
		1F12214C26ADE77A0078572F /* LandmarkDetail.swift */ = {isa = PBXFileReference; lastKnownFileType = sourcecode.swift; path = LandmarkDetail.swift; sourceTree = "<group>"; };
		1F5248BC271A0E6A00C7D762 /* HexagonParameters.swift */ = {isa = PBXFileReference; lastKnownFileType = sourcecode.swift; path = HexagonParameters.swift; sourceTree = "<group>"; };
		1F5248BE271A0FD300C7D762 /* BadgeBackground.swift */ = {isa = PBXFileReference; lastKnownFileType = sourcecode.swift; path = BadgeBackground.swift; sourceTree = "<group>"; };
		1F5248C0271A18D000C7D762 /* BadgeSymbol.swift */ = {isa = PBXFileReference; lastKnownFileType = sourcecode.swift; path = BadgeSymbol.swift; sourceTree = "<group>"; };
		1F5248C2271A1B3100C7D762 /* RotatedBadgeSymbol.swift */ = {isa = PBXFileReference; lastKnownFileType = sourcecode.swift; path = RotatedBadgeSymbol.swift; sourceTree = "<group>"; };
		1F5248C5271A1BB500C7D762 /* Badge.swift */ = {isa = PBXFileReference; lastKnownFileType = sourcecode.swift; path = Badge.swift; sourceTree = "<group>"; };
		1F5248C7271A990200C7D762 /* hikeData.json */ = {isa = PBXFileReference; fileEncoding = 4; lastKnownFileType = text.json; path = hikeData.json; sourceTree = "<group>"; };
		1F5248C9271A996300C7D762 /* Hike.swift */ = {isa = PBXFileReference; lastKnownFileType = sourcecode.swift; path = Hike.swift; sourceTree = "<group>"; };
		1F5248CC271A9BDE00C7D762 /* GraphCapsule.swift */ = {isa = PBXFileReference; fileEncoding = 4; lastKnownFileType = sourcecode.swift; path = GraphCapsule.swift; sourceTree = "<group>"; };
		1F5248CD271A9BDE00C7D762 /* HikeGraph.swift */ = {isa = PBXFileReference; fileEncoding = 4; lastKnownFileType = sourcecode.swift; path = HikeGraph.swift; sourceTree = "<group>"; };
		1F5248CE271A9BDE00C7D762 /* HikeDetail.swift */ = {isa = PBXFileReference; fileEncoding = 4; lastKnownFileType = sourcecode.swift; path = HikeDetail.swift; sourceTree = "<group>"; };
		1F5248CF271A9BDE00C7D762 /* HikeView.swift */ = {isa = PBXFileReference; fileEncoding = 4; lastKnownFileType = sourcecode.swift; path = HikeView.swift; sourceTree = "<group>"; };
		1F73E758271C06CB00E404A0 /* CategoryHome.swift */ = {isa = PBXFileReference; lastKnownFileType = sourcecode.swift; path = CategoryHome.swift; sourceTree = "<group>"; };
		1F92E02A271C7CE1009D2A9C /* ProfileEditor.swift */ = {isa = PBXFileReference; lastKnownFileType = sourcecode.swift; path = ProfileEditor.swift; sourceTree = "<group>"; };
		1FA5FD222719703A0036F31D /* FavoriteButton.swift */ = {isa = PBXFileReference; lastKnownFileType = sourcecode.swift; path = FavoriteButton.swift; sourceTree = "<group>"; };
		1FF1AF63271C0A8600C45F6C /* CategoryRow.swift */ = {isa = PBXFileReference; lastKnownFileType = sourcecode.swift; path = CategoryRow.swift; sourceTree = "<group>"; };
		1FF1AF65271C0BDC00C45F6C /* CategoryItem.swift */ = {isa = PBXFileReference; lastKnownFileType = sourcecode.swift; path = CategoryItem.swift; sourceTree = "<group>"; };
		1FF1AF67271C73E100C45F6C /* Profile.swift */ = {isa = PBXFileReference; lastKnownFileType = sourcecode.swift; path = Profile.swift; sourceTree = "<group>"; };
		1FF1AF6A271C745600C45F6C /* ProfileHost.swift */ = {isa = PBXFileReference; lastKnownFileType = sourcecode.swift; path = ProfileHost.swift; sourceTree = "<group>"; };
		1FF1AF6C271C74B900C45F6C /* ProfileSummary.swift */ = {isa = PBXFileReference; lastKnownFileType = sourcecode.swift; path = ProfileSummary.swift; sourceTree = "<group>"; };
		1FF1AF6E271C757900C45F6C /* HikeBadge.swift */ = {isa = PBXFileReference; lastKnownFileType = sourcecode.swift; path = HikeBadge.swift; sourceTree = "<group>"; };
		1FF9EAE7271F4E9500DF8B72 /* PageViewController.swift */ = {isa = PBXFileReference; lastKnownFileType = sourcecode.swift; path = PageViewController.swift; sourceTree = "<group>"; };
		1FF9EAE9271F500600DF8B72 /* FeatureCard.swift */ = {isa = PBXFileReference; lastKnownFileType = sourcecode.swift; path = FeatureCard.swift; sourceTree = "<group>"; };
		1FF9EAEB271F506100DF8B72 /* PageView.swift */ = {isa = PBXFileReference; lastKnownFileType = sourcecode.swift; path = PageView.swift; sourceTree = "<group>"; };
		1FF9EAED271F5B7100DF8B72 /* PageControl.swift */ = {isa = PBXFileReference; lastKnownFileType = sourcecode.swift; path = PageControl.swift; sourceTree = "<group>"; };
/* End PBXFileReference section */

/* Begin PBXFrameworksBuildPhase section */
		1F12212726ADCE140078572F /* Frameworks */ = {
			isa = PBXFrameworksBuildPhase;
			buildActionMask = 2147483647;
			files = (
			);
			runOnlyForDeploymentPostprocessing = 0;
		};
/* End PBXFrameworksBuildPhase section */

/* Begin PBXGroup section */
		1F12212126ADCE140078572F = {
			isa = PBXGroup;
			children = (
				1F12212C26ADCE140078572F /* Landmarks */,
				1F12212B26ADCE140078572F /* Products */,
			);
			sourceTree = "<group>";
		};
		1F12212B26ADCE140078572F /* Products */ = {
			isa = PBXGroup;
			children = (
				1F12212A26ADCE140078572F /* Landmarks.app */,
			);
			name = Products;
			sourceTree = "<group>";
		};
		1F12212C26ADCE140078572F /* Landmarks */ = {
			isa = PBXGroup;
			children = (
				1F12212D26ADCE140078572F /* LandmarksApp.swift */,
				1F12214626ADE3B10078572F /* Views */,
				1F12213126ADCE150078572F /* Assets.xcassets */,
				1F12214026ADDD330078572F /* landmarkData.json */,
				1F5248C7271A990200C7D762 /* hikeData.json */,
				1F12213626ADCE150078572F /* Info.plist */,
				1F12213326ADCE150078572F /* Preview Content */,
				1F12214726ADE3C40078572F /* Model */,
			);
			path = Landmarks;
			sourceTree = "<group>";
		};
		1F12213326ADCE150078572F /* Preview Content */ = {
			isa = PBXGroup;
			children = (
				1F12213426ADCE150078572F /* Preview Assets.xcassets */,
			);
			path = "Preview Content";
			sourceTree = "<group>";
		};
		1F12214626ADE3B10078572F /* Views */ = {
			isa = PBXGroup;
			children = (
				1F12212F26ADCE140078572F /* ContentView.swift */,
				1FF9EAE6271F4E6800DF8B72 /* PageView */,
				1FF1AF69271C743700C45F6C /* Profiles */,
				1F73E757271C06AF00E404A0 /* Categories */,
				1F5248CB271A9BDE00C7D762 /* Hikes */,
				1F5248C4271A1B8A00C7D762 /* Badges */,
				1FA5FD242719710F0036F31D /* Landmarks */,
				1FA5FD252719712A0036F31D /* Helpers */,
			);
			path = Views;
			sourceTree = "<group>";
		};
		1F12214726ADE3C40078572F /* Model */ = {
			isa = PBXGroup;
			children = (
				1F12214226ADDD760078572F /* Landmark.swift */,
				1F12214426ADE28B0078572F /* ModelData.swift */,
				1F5248C9271A996300C7D762 /* Hike.swift */,
				1FF1AF67271C73E100C45F6C /* Profile.swift */,
			);
			path = Model;
			sourceTree = "<group>";
		};
		1F5248C4271A1B8A00C7D762 /* Badges */ = {
			isa = PBXGroup;
			children = (
				1F5248BC271A0E6A00C7D762 /* HexagonParameters.swift */,
				1F5248BE271A0FD300C7D762 /* BadgeBackground.swift */,
				1F5248C0271A18D000C7D762 /* BadgeSymbol.swift */,
				1F5248C2271A1B3100C7D762 /* RotatedBadgeSymbol.swift */,
				1F5248C5271A1BB500C7D762 /* Badge.swift */,
			);
			path = Badges;
			sourceTree = "<group>";
		};
		1F5248CB271A9BDE00C7D762 /* Hikes */ = {
			isa = PBXGroup;
			children = (
				1F5248CC271A9BDE00C7D762 /* GraphCapsule.swift */,
				1F5248CD271A9BDE00C7D762 /* HikeGraph.swift */,
				1F5248CE271A9BDE00C7D762 /* HikeDetail.swift */,
				1F5248CF271A9BDE00C7D762 /* HikeView.swift */,
				1FF1AF6E271C757900C45F6C /* HikeBadge.swift */,
			);
			path = Hikes;
			sourceTree = "<group>";
		};
		1F73E757271C06AF00E404A0 /* Categories */ = {
			isa = PBXGroup;
			children = (
				1F73E758271C06CB00E404A0 /* CategoryHome.swift */,
				1FF1AF63271C0A8600C45F6C /* CategoryRow.swift */,
				1FF1AF65271C0BDC00C45F6C /* CategoryItem.swift */,
			);
			path = Categories;
			sourceTree = "<group>";
		};
		1FA5FD242719710F0036F31D /* Landmarks */ = {
			isa = PBXGroup;
			children = (
				1F12214826ADE3F60078572F /* LandmarkRow.swift */,
				1F12214A26ADE5CB0078572F /* LandmarkList.swift */,
				1F12214C26ADE77A0078572F /* LandmarkDetail.swift */,
			);
			path = Landmarks;
			sourceTree = "<group>";
		};
		1FA5FD252719712A0036F31D /* Helpers */ = {
			isa = PBXGroup;
			children = (
				1F12213C26ADD35A0078572F /* CircleImage.swift */,
				1F12213E26ADD4E10078572F /* MapView.swift */,
				1FA5FD222719703A0036F31D /* FavoriteButton.swift */,
			);
			path = Helpers;
			sourceTree = "<group>";
		};
		1FF1AF69271C743700C45F6C /* Profiles */ = {
			isa = PBXGroup;
			children = (
				1FF1AF6A271C745600C45F6C /* ProfileHost.swift */,
				1FF1AF6C271C74B900C45F6C /* ProfileSummary.swift */,
				1F92E02A271C7CE1009D2A9C /* ProfileEditor.swift */,
			);
			path = Profiles;
			sourceTree = "<group>";
		};
		1FF9EAE6271F4E6800DF8B72 /* PageView */ = {
			isa = PBXGroup;
			children = (
				1FF9EAE7271F4E9500DF8B72 /* PageViewController.swift */,
				1FF9EAE9271F500600DF8B72 /* FeatureCard.swift */,
				1FF9EAEB271F506100DF8B72 /* PageView.swift */,
				1FF9EAED271F5B7100DF8B72 /* PageControl.swift */,
			);
			path = PageView;
			sourceTree = "<group>";
		};
/* End PBXGroup section */

/* Begin PBXNativeTarget section */
		1F12212926ADCE140078572F /* Landmarks */ = {
			isa = PBXNativeTarget;
			buildConfigurationList = 1F12213926ADCE150078572F /* Build configuration list for PBXNativeTarget "Landmarks" */;
			buildPhases = (
				1F12212626ADCE140078572F /* Sources */,
				1F12212726ADCE140078572F /* Frameworks */,
				1F12212826ADCE140078572F /* Resources */,
			);
			buildRules = (
			);
			dependencies = (
			);
			name = Landmarks;
			productName = Landmarks;
			productReference = 1F12212A26ADCE140078572F /* Landmarks.app */;
			productType = "com.apple.product-type.application";
		};
/* End PBXNativeTarget section */

/* Begin PBXProject section */
		1F12212226ADCE140078572F /* Project object */ = {
			isa = PBXProject;
			attributes = {
				LastSwiftUpdateCheck = 1250;
				LastUpgradeCheck = 1250;
				TargetAttributes = {
					1F12212926ADCE140078572F = {
						CreatedOnToolsVersion = 12.5.1;
					};
				};
			};
			buildConfigurationList = 1F12212526ADCE140078572F /* Build configuration list for PBXProject "Landmarks" */;
			compatibilityVersion = "Xcode 9.3";
			developmentRegion = en;
			hasScannedForEncodings = 0;
			knownRegions = (
				en,
				Base,
			);
			mainGroup = 1F12212126ADCE140078572F;
			productRefGroup = 1F12212B26ADCE140078572F /* Products */;
			projectDirPath = "";
			projectRoot = "";
			targets = (
				1F12212926ADCE140078572F /* Landmarks */,
			);
		};
/* End PBXProject section */

/* Begin PBXResourcesBuildPhase section */
		1F12212826ADCE140078572F /* Resources */ = {
			isa = PBXResourcesBuildPhase;
			buildActionMask = 2147483647;
			files = (
				1F5248C8271A990200C7D762 /* hikeData.json in Resources */,
				1F12213526ADCE150078572F /* Preview Assets.xcassets in Resources */,
				1F12213226ADCE150078572F /* Assets.xcassets in Resources */,
				1F12214126ADDD330078572F /* landmarkData.json in Resources */,
			);
			runOnlyForDeploymentPostprocessing = 0;
		};
/* End PBXResourcesBuildPhase section */

/* Begin PBXSourcesBuildPhase section */
		1F12212626ADCE140078572F /* Sources */ = {
			isa = PBXSourcesBuildPhase;
			buildActionMask = 2147483647;
			files = (
				1FF1AF64271C0A8600C45F6C /* CategoryRow.swift in Sources */,
				1FF1AF68271C73E100C45F6C /* Profile.swift in Sources */,
				1F12213026ADCE140078572F /* ContentView.swift in Sources */,
				1F73E759271C06CB00E404A0 /* CategoryHome.swift in Sources */,
				1FF9EAEA271F500600DF8B72 /* FeatureCard.swift in Sources */,
				1F5248D1271A9BDE00C7D762 /* HikeGraph.swift in Sources */,
				1F5248C6271A1BB500C7D762 /* Badge.swift in Sources */,
				1F12213F26ADD4E10078572F /* MapView.swift in Sources */,
				1F5248D0271A9BDE00C7D762 /* GraphCapsule.swift in Sources */,
				1F12212E26ADCE140078572F /* LandmarksApp.swift in Sources */,
				1FF9EAEE271F5B7100DF8B72 /* PageControl.swift in Sources */,
				1FA5FD232719703A0036F31D /* FavoriteButton.swift in Sources */,
				1FF1AF66271C0BDC00C45F6C /* CategoryItem.swift in Sources */,
				1F5248D2271A9BDE00C7D762 /* HikeDetail.swift in Sources */,
				1FF1AF6D271C74B900C45F6C /* ProfileSummary.swift in Sources */,
				1F5248BD271A0E6A00C7D762 /* HexagonParameters.swift in Sources */,
				1F5248CA271A996300C7D762 /* Hike.swift in Sources */,
				1F5248C3271A1B3100C7D762 /* RotatedBadgeSymbol.swift in Sources */,
				1F5248C1271A18D000C7D762 /* BadgeSymbol.swift in Sources */,
				1FF9EAEC271F506100DF8B72 /* PageView.swift in Sources */,
				1F12214B26ADE5CB0078572F /* LandmarkList.swift in Sources */,
				1F92E02B271C7CE1009D2A9C /* ProfileEditor.swift in Sources */,
				1F5248D3271A9BDE00C7D762 /* HikeView.swift in Sources */,
				1F12214D26ADE77A0078572F /* LandmarkDetail.swift in Sources */,
				1F5248BF271A0FD300C7D762 /* BadgeBackground.swift in Sources */,
				1FF9EAE8271F4E9500DF8B72 /* PageViewController.swift in Sources */,
				1F12213D26ADD35A0078572F /* CircleImage.swift in Sources */,
				1FF1AF6F271C757900C45F6C /* HikeBadge.swift in Sources */,
				1F12214326ADDD760078572F /* Landmark.swift in Sources */,
				1F12214926ADE3F60078572F /* LandmarkRow.swift in Sources */,
				1F12214526ADE28B0078572F /* ModelData.swift in Sources */,
				1FF1AF6B271C745600C45F6C /* ProfileHost.swift in Sources */,
			);
			runOnlyForDeploymentPostprocessing = 0;
		};
/* End PBXSourcesBuildPhase section */

/* Begin XCBuildConfiguration section */
		1F12213726ADCE150078572F /* Debug */ = {
			isa = XCBuildConfiguration;
			buildSettings = {
				ALWAYS_SEARCH_USER_PATHS = NO;
				CLANG_ANALYZER_NONNULL = YES;
				CLANG_ANALYZER_NUMBER_OBJECT_CONVERSION = YES_AGGRESSIVE;
				CLANG_CXX_LANGUAGE_STANDARD = "gnu++14";
				CLANG_CXX_LIBRARY = "libc++";
				CLANG_ENABLE_MODULES = YES;
				CLANG_ENABLE_OBJC_ARC = YES;
				CLANG_ENABLE_OBJC_WEAK = YES;
				CLANG_WARN_BLOCK_CAPTURE_AUTORELEASING = YES;
				CLANG_WARN_BOOL_CONVERSION = YES;
				CLANG_WARN_COMMA = YES;
				CLANG_WARN_CONSTANT_CONVERSION = YES;
				CLANG_WARN_DEPRECATED_OBJC_IMPLEMENTATIONS = YES;
				CLANG_WARN_DIRECT_OBJC_ISA_USAGE = YES_ERROR;
				CLANG_WARN_DOCUMENTATION_COMMENTS = YES;
				CLANG_WARN_EMPTY_BODY = YES;
				CLANG_WARN_ENUM_CONVERSION = YES;
				CLANG_WARN_INFINITE_RECURSION = YES;
				CLANG_WARN_INT_CONVERSION = YES;
				CLANG_WARN_NON_LITERAL_NULL_CONVERSION = YES;
				CLANG_WARN_OBJC_IMPLICIT_RETAIN_SELF = YES;
				CLANG_WARN_OBJC_LITERAL_CONVERSION = YES;
				CLANG_WARN_OBJC_ROOT_CLASS = YES_ERROR;
				CLANG_WARN_QUOTED_INCLUDE_IN_FRAMEWORK_HEADER = YES;
				CLANG_WARN_RANGE_LOOP_ANALYSIS = YES;
				CLANG_WARN_STRICT_PROTOTYPES = YES;
				CLANG_WARN_SUSPICIOUS_MOVE = YES;
				CLANG_WARN_UNGUARDED_AVAILABILITY = YES_AGGRESSIVE;
				CLANG_WARN_UNREACHABLE_CODE = YES;
				CLANG_WARN__DUPLICATE_METHOD_MATCH = YES;
				COPY_PHASE_STRIP = NO;
				DEBUG_INFORMATION_FORMAT = dwarf;
				ENABLE_STRICT_OBJC_MSGSEND = YES;
				ENABLE_TESTABILITY = YES;
				GCC_C_LANGUAGE_STANDARD = gnu11;
				GCC_DYNAMIC_NO_PIC = NO;
				GCC_NO_COMMON_BLOCKS = YES;
				GCC_OPTIMIZATION_LEVEL = 0;
				GCC_PREPROCESSOR_DEFINITIONS = (
					"DEBUG=1",
					"$(inherited)",
				);
				GCC_WARN_64_TO_32_BIT_CONVERSION = YES;
				GCC_WARN_ABOUT_RETURN_TYPE = YES_ERROR;
				GCC_WARN_UNDECLARED_SELECTOR = YES;
				GCC_WARN_UNINITIALIZED_AUTOS = YES_AGGRESSIVE;
				GCC_WARN_UNUSED_FUNCTION = YES;
				GCC_WARN_UNUSED_VARIABLE = YES;
				IPHONEOS_DEPLOYMENT_TARGET = 14.5;
				MTL_ENABLE_DEBUG_INFO = INCLUDE_SOURCE;
				MTL_FAST_MATH = YES;
				ONLY_ACTIVE_ARCH = YES;
				SDKROOT = iphoneos;
				SWIFT_ACTIVE_COMPILATION_CONDITIONS = DEBUG;
				SWIFT_OPTIMIZATION_LEVEL = "-Onone";
			};
			name = Debug;
		};
		1F12213826ADCE150078572F /* Release */ = {
			isa = XCBuildConfiguration;
			buildSettings = {
				ALWAYS_SEARCH_USER_PATHS = NO;
				CLANG_ANALYZER_NONNULL = YES;
				CLANG_ANALYZER_NUMBER_OBJECT_CONVERSION = YES_AGGRESSIVE;
				CLANG_CXX_LANGUAGE_STANDARD = "gnu++14";
				CLANG_CXX_LIBRARY = "libc++";
				CLANG_ENABLE_MODULES = YES;
				CLANG_ENABLE_OBJC_ARC = YES;
				CLANG_ENABLE_OBJC_WEAK = YES;
				CLANG_WARN_BLOCK_CAPTURE_AUTORELEASING = YES;
				CLANG_WARN_BOOL_CONVERSION = YES;
				CLANG_WARN_COMMA = YES;
				CLANG_WARN_CONSTANT_CONVERSION = YES;
				CLANG_WARN_DEPRECATED_OBJC_IMPLEMENTATIONS = YES;
				CLANG_WARN_DIRECT_OBJC_ISA_USAGE = YES_ERROR;
				CLANG_WARN_DOCUMENTATION_COMMENTS = YES;
				CLANG_WARN_EMPTY_BODY = YES;
				CLANG_WARN_ENUM_CONVERSION = YES;
				CLANG_WARN_INFINITE_RECURSION = YES;
				CLANG_WARN_INT_CONVERSION = YES;
				CLANG_WARN_NON_LITERAL_NULL_CONVERSION = YES;
				CLANG_WARN_OBJC_IMPLICIT_RETAIN_SELF = YES;
				CLANG_WARN_OBJC_LITERAL_CONVERSION = YES;
				CLANG_WARN_OBJC_ROOT_CLASS = YES_ERROR;
				CLANG_WARN_QUOTED_INCLUDE_IN_FRAMEWORK_HEADER = YES;
				CLANG_WARN_RANGE_LOOP_ANALYSIS = YES;
				CLANG_WARN_STRICT_PROTOTYPES = YES;
				CLANG_WARN_SUSPICIOUS_MOVE = YES;
				CLANG_WARN_UNGUARDED_AVAILABILITY = YES_AGGRESSIVE;
				CLANG_WARN_UNREACHABLE_CODE = YES;
				CLANG_WARN__DUPLICATE_METHOD_MATCH = YES;
				COPY_PHASE_STRIP = NO;
				DEBUG_INFORMATION_FORMAT = "dwarf-with-dsym";
				ENABLE_NS_ASSERTIONS = NO;
				ENABLE_STRICT_OBJC_MSGSEND = YES;
				GCC_C_LANGUAGE_STANDARD = gnu11;
				GCC_NO_COMMON_BLOCKS = YES;
				GCC_WARN_64_TO_32_BIT_CONVERSION = YES;
				GCC_WARN_ABOUT_RETURN_TYPE = YES_ERROR;
				GCC_WARN_UNDECLARED_SELECTOR = YES;
				GCC_WARN_UNINITIALIZED_AUTOS = YES_AGGRESSIVE;
				GCC_WARN_UNUSED_FUNCTION = YES;
				GCC_WARN_UNUSED_VARIABLE = YES;
				IPHONEOS_DEPLOYMENT_TARGET = 14.5;
				MTL_ENABLE_DEBUG_INFO = NO;
				MTL_FAST_MATH = YES;
				SDKROOT = iphoneos;
				SWIFT_COMPILATION_MODE = wholemodule;
				SWIFT_OPTIMIZATION_LEVEL = "-O";
				VALIDATE_PRODUCT = YES;
			};
			name = Release;
		};
		1F12213A26ADCE150078572F /* Debug */ = {
			isa = XCBuildConfiguration;
			buildSettings = {
				ASSETCATALOG_COMPILER_APPICON_NAME = AppIcon;
				ASSETCATALOG_COMPILER_GLOBAL_ACCENT_COLOR_NAME = AccentColor;
				CODE_SIGN_STYLE = Automatic;
				DEVELOPMENT_ASSET_PATHS = "\"Landmarks/Preview Content\"";
				DEVELOPMENT_TEAM = TE36759D36;
				ENABLE_PREVIEWS = YES;
				INFOPLIST_FILE = Landmarks/Info.plist;
				IPHONEOS_DEPLOYMENT_TARGET = 14.0;
				LD_RUNPATH_SEARCH_PATHS = (
					"$(inherited)",
					"@executable_path/Frameworks",
				);
				PRODUCT_BUNDLE_IDENTIFIER = de.ansbach.fapse.Landmarks;
				PRODUCT_NAME = "$(TARGET_NAME)";
				SWIFT_VERSION = 5.0;
				TARGETED_DEVICE_FAMILY = "1,2";
			};
			name = Debug;
		};
		1F12213B26ADCE150078572F /* Release */ = {
			isa = XCBuildConfiguration;
			buildSettings = {
				ASSETCATALOG_COMPILER_APPICON_NAME = AppIcon;
				ASSETCATALOG_COMPILER_GLOBAL_ACCENT_COLOR_NAME = AccentColor;
				CODE_SIGN_STYLE = Automatic;
				DEVELOPMENT_ASSET_PATHS = "\"Landmarks/Preview Content\"";
				DEVELOPMENT_TEAM = TE36759D36;
				ENABLE_PREVIEWS = YES;
				INFOPLIST_FILE = Landmarks/Info.plist;
				IPHONEOS_DEPLOYMENT_TARGET = 14.0;
				LD_RUNPATH_SEARCH_PATHS = (
					"$(inherited)",
					"@executable_path/Frameworks",
				);
				PRODUCT_BUNDLE_IDENTIFIER = de.ansbach.fapse.Landmarks;
				PRODUCT_NAME = "$(TARGET_NAME)";
				SWIFT_VERSION = 5.0;
				TARGETED_DEVICE_FAMILY = "1,2";
			};
			name = Release;
		};
/* End XCBuildConfiguration section */

/* Begin XCConfigurationList section */
		1F12212526ADCE140078572F /* Build configuration list for PBXProject "Landmarks" */ = {
			isa = XCConfigurationList;
			buildConfigurations = (
				1F12213726ADCE150078572F /* Debug */,
				1F12213826ADCE150078572F /* Release */,
			);
			defaultConfigurationIsVisible = 0;
			defaultConfigurationName = Release;
		};
		1F12213926ADCE150078572F /* Build configuration list for PBXNativeTarget "Landmarks" */ = {
			isa = XCConfigurationList;
			buildConfigurations = (
				1F12213A26ADCE150078572F /* Debug */,
				1F12213B26ADCE150078572F /* Release */,
			);
			defaultConfigurationIsVisible = 0;
			defaultConfigurationName = Release;
		};
/* End XCConfigurationList section */
	};
	rootObject = 1F12212226ADCE140078572F /* Project object */;
}
